
Microsoft Visual Studio Solution File, Format Version 12.00
# Visual Studio 15
VisualStudioVersion = 15.0.28307.271
MinimumVisualStudioVersion = 10.0.40219.1
Project("{FAE04EC0-301F-11D3-BF4B-00C04F79EFBC}") = "SuperSharpPad", "SuperSharpPad\SuperSharpPad.csproj", "{04343B70-D22B-4CCB-B856-77FFE0399987}"
EndProject
Project("{FAE04EC0-301F-11D3-BF4B-00C04F79EFBC}") = "SuperSharpPadTests", "SuperSharpPadTests\SuperSharpPadTests.csproj", "{BC5970E0-DB9C-4611-9D4A-4511F2D2CD0C}"
EndProject
Global
	GlobalSection(SolutionConfigurationPlatforms) = preSolution
		Debug|Any CPU = Debug|Any CPU
		Release|Any CPU = Release|Any CPU
	EndGlobalSection
	GlobalSection(ProjectConfigurationPlatforms) = postSolution
		{04343B70-D22B-4CCB-B856-77FFE0399987}.Debug|Any CPU.ActiveCfg = Debug|Any CPU
		{04343B70-D22B-4CCB-B856-77FFE0399987}.Debug|Any CPU.Build.0 = Debug|Any CPU
		{04343B70-D22B-4CCB-B856-77FFE0399987}.Release|Any CPU.ActiveCfg = Release|Any CPU
		{04343B70-D22B-4CCB-B856-77FFE0399987}.Release|Any CPU.Build.0 = Release|Any CPU
		{BC5970E0-DB9C-4611-9D4A-4511F2D2CD0C}.Debug|Any CPU.ActiveCfg = Debug|Any CPU
		{BC5970E0-DB9C-4611-9D4A-4511F2D2CD0C}.Debug|Any CPU.Build.0 = Debug|Any CPU
		{BC5970E0-DB9C-4611-9D4A-4511F2D2CD0C}.Release|Any CPU.ActiveCfg = Release|Any CPU
		{BC5970E0-DB9C-4611-9D4A-4511F2D2CD0C}.Release|Any CPU.Build.0 = Release|Any CPU
	EndGlobalSection
	GlobalSection(SolutionProperties) = preSolution
		HideSolutionNode = FALSE
	EndGlobalSection
	GlobalSection(ExtensibilityGlobals) = postSolution
		SolutionGuid = {469469FD-FC17-4CD1-8945-80FE866D7477}
	EndGlobalSection
EndGlobal
